
Microsoft Visual Studio Solution File, Format Version 12.00
# Visual Studio 2012
Project("{FAE04EC0-301F-11D3-BF4B-00C04F79EFBC}") = "Client", "Client\Client.csproj", "{948AC5EA-870B-4964-A1A7-49B10344F23D}"
EndProject
Project("{FAE04EC0-301F-11D3-BF4B-00C04F79EFBC}") = "Client.Tests", "Client.Tests\Client.Tests.csproj", "{BD6077B1-487E-4466-A5C5-EAD1B8382E3E}"
EndProject
Global
	GlobalSection(SolutionConfigurationPlatforms) = preSolution
		Debug|Any CPU = Debug|Any CPU
		Release|Any CPU = Release|Any CPU
	EndGlobalSection
	GlobalSection(ProjectConfigurationPlatforms) = postSolution
		{948AC5EA-870B-4964-A1A7-49B10344F23D}.Debug|Any CPU.ActiveCfg = Debug|Any CPU
		{948AC5EA-870B-4964-A1A7-49B10344F23D}.Debug|Any CPU.Build.0 = Debug|Any CPU
		{948AC5EA-870B-4964-A1A7-49B10344F23D}.Release|Any CPU.ActiveCfg = Release|Any CPU
		{948AC5EA-870B-4964-A1A7-49B10344F23D}.Release|Any CPU.Build.0 = Release|Any CPU
		{BD6077B1-487E-4466-A5C5-EAD1B8382E3E}.Debug|Any CPU.ActiveCfg = Debug|Any CPU
		{BD6077B1-487E-4466-A5C5-EAD1B8382E3E}.Debug|Any CPU.Build.0 = Debug|Any CPU
		{BD6077B1-487E-4466-A5C5-EAD1B8382E3E}.Release|Any CPU.ActiveCfg = Release|Any CPU
		{BD6077B1-487E-4466-A5C5-EAD1B8382E3E}.Release|Any CPU.Build.0 = Release|Any CPU
	EndGlobalSection
EndGlobal
